
Microsoft Visual Studio Solution File, Format Version 12.00
# Visual Studio Version 17
VisualStudioVersion = 17.4.33122.133
MinimumVisualStudioVersion = 10.0.40219.1
Project("{F184B08F-C81C-45F6-A57F-5ABD9991F28F}") = "NX - Gestor", "nx_gestor\NX - Gestor.vbproj", "{B637E110-2030-425F-993F-8546E86CBF38}"
EndProject
Global
	GlobalSection(SolutionConfigurationPlatforms) = preSolution
		Debug|Any CPU = Debug|Any CPU
		Release|Any CPU = Release|Any CPU
	EndGlobalSection
	GlobalSection(ProjectConfigurationPlatforms) = postSolution
		{B637E110-2030-425F-993F-8546E86CBF38}.Debug|Any CPU.ActiveCfg = Debug|Any CPU
		{B637E110-2030-425F-993F-8546E86CBF38}.Debug|Any CPU.Build.0 = Debug|Any CPU
		{B637E110-2030-425F-993F-8546E86CBF38}.Release|Any CPU.ActiveCfg = Release|Any CPU
		{B637E110-2030-425F-993F-8546E86CBF38}.Release|Any CPU.Build.0 = Release|Any CPU
	EndGlobalSection
	GlobalSection(SolutionProperties) = preSolution
		HideSolutionNode = FALSE
	EndGlobalSection
	GlobalSection(ExtensibilityGlobals) = postSolution
		SolutionGuid = {03AFB3D1-2E36-431F-9387-CD214CAFF271}
	EndGlobalSection
EndGlobal
